
Microsoft Visual Studio Solution File, Format Version 12.00
# Visual Studio Version 16
VisualStudioVersion = 16.0.31005.135
MinimumVisualStudioVersion = 10.0.40219.1
Project("{FAE04EC0-301F-11D3-BF4B-00C04F79EFBC}") = "PresentationLayer", "PresentationLayer\PresentationLayer.csproj", "{C3E655B2-8CDF-4B4E-8511-F2A1318EA547}"
EndProject
Project("{FAE04EC0-301F-11D3-BF4B-00C04F79EFBC}") = "BusinessLogicalLayer", "BusinessLogicalLayer\BusinessLogicalLayer.csproj", "{78E5F99C-F56B-4200-B1C8-1EDC99CACDDB}"
EndProject
Project("{FAE04EC0-301F-11D3-BF4B-00C04F79EFBC}") = "DataAcessLayer", "DataAcessLayer\DataAcessLayer.csproj", "{B9A99674-66E2-4A5F-B4D3-D0C4D1B8E583}"
EndProject
Project("{FAE04EC0-301F-11D3-BF4B-00C04F79EFBC}") = "Entities", "Entities\Entities.csproj", "{0B2C0004-B179-4131-81ED-F0DBA84930EB}"
EndProject
Project("{FAE04EC0-301F-11D3-BF4B-00C04F79EFBC}") = "Common", "Common\Common.csproj", "{64E93529-4C38-42FC-B675-CBF0C36D148C}"
EndProject
Project("{FAE04EC0-301F-11D3-BF4B-00C04F79EFBC}") = "DesktopApplicationTest", "DesktopApplicationTest\DesktopApplicationTest.csproj", "{E7EF4881-8A8E-498A-9558-38134A1FFD87}"
EndProject
Global
	GlobalSection(SolutionConfigurationPlatforms) = preSolution
		Debug|Any CPU = Debug|Any CPU
		Release|Any CPU = Release|Any CPU
	EndGlobalSection
	GlobalSection(ProjectConfigurationPlatforms) = postSolution
		{C3E655B2-8CDF-4B4E-8511-F2A1318EA547}.Debug|Any CPU.ActiveCfg = Debug|Any CPU
		{C3E655B2-8CDF-4B4E-8511-F2A1318EA547}.Debug|Any CPU.Build.0 = Debug|Any CPU
		{C3E655B2-8CDF-4B4E-8511-F2A1318EA547}.Release|Any CPU.ActiveCfg = Release|Any CPU
		{C3E655B2-8CDF-4B4E-8511-F2A1318EA547}.Release|Any CPU.Build.0 = Release|Any CPU
		{78E5F99C-F56B-4200-B1C8-1EDC99CACDDB}.Debug|Any CPU.ActiveCfg = Debug|Any CPU
		{78E5F99C-F56B-4200-B1C8-1EDC99CACDDB}.Debug|Any CPU.Build.0 = Debug|Any CPU
		{78E5F99C-F56B-4200-B1C8-1EDC99CACDDB}.Release|Any CPU.ActiveCfg = Release|Any CPU
		{78E5F99C-F56B-4200-B1C8-1EDC99CACDDB}.Release|Any CPU.Build.0 = Release|Any CPU
		{B9A99674-66E2-4A5F-B4D3-D0C4D1B8E583}.Debug|Any CPU.ActiveCfg = Debug|Any CPU
		{B9A99674-66E2-4A5F-B4D3-D0C4D1B8E583}.Debug|Any CPU.Build.0 = Debug|Any CPU
		{B9A99674-66E2-4A5F-B4D3-D0C4D1B8E583}.Release|Any CPU.ActiveCfg = Release|Any CPU
		{B9A99674-66E2-4A5F-B4D3-D0C4D1B8E583}.Release|Any CPU.Build.0 = Release|Any CPU
		{0B2C0004-B179-4131-81ED-F0DBA84930EB}.Debug|Any CPU.ActiveCfg = Debug|Any CPU
		{0B2C0004-B179-4131-81ED-F0DBA84930EB}.Debug|Any CPU.Build.0 = Debug|Any CPU
		{0B2C0004-B179-4131-81ED-F0DBA84930EB}.Release|Any CPU.ActiveCfg = Release|Any CPU
		{0B2C0004-B179-4131-81ED-F0DBA84930EB}.Release|Any CPU.Build.0 = Release|Any CPU
		{64E93529-4C38-42FC-B675-CBF0C36D148C}.Debug|Any CPU.ActiveCfg = Debug|Any CPU
		{64E93529-4C38-42FC-B675-CBF0C36D148C}.Debug|Any CPU.Build.0 = Debug|Any CPU
		{64E93529-4C38-42FC-B675-CBF0C36D148C}.Release|Any CPU.ActiveCfg = Release|Any CPU
		{64E93529-4C38-42FC-B675-CBF0C36D148C}.Release|Any CPU.Build.0 = Release|Any CPU
		{E7EF4881-8A8E-498A-9558-38134A1FFD87}.Debug|Any CPU.ActiveCfg = Debug|Any CPU
		{E7EF4881-8A8E-498A-9558-38134A1FFD87}.Debug|Any CPU.Build.0 = Debug|Any CPU
		{E7EF4881-8A8E-498A-9558-38134A1FFD87}.Release|Any CPU.ActiveCfg = Release|Any CPU
		{E7EF4881-8A8E-498A-9558-38134A1FFD87}.Release|Any CPU.Build.0 = Release|Any CPU
	EndGlobalSection
	GlobalSection(SolutionProperties) = preSolution
		HideSolutionNode = FALSE
	EndGlobalSection
	GlobalSection(ExtensibilityGlobals) = postSolution
		SolutionGuid = {546BFECE-0DAB-458B-B945-6A29613115A2}
	EndGlobalSection
EndGlobal
